// !$*UTF8*$!
{
	archiveVersion = 1;
	classes = {
	};
	objectVersion = 46;
	objects = {

/* Begin PBXBuildFile section */
		BB31118C15D782E20047E5F1 /* goagent-local in Resources */ = {isa = PBXBuildFile; fileRef = BB31118A15D782E20047E5F1 /* goagent-local */; };
		BB31118D15D782E20047E5F1 /* python in Resources */ = {isa = PBXBuildFile; fileRef = BB31118B15D782E20047E5F1 /* python */; };
		BB31119C15D7C3DA0047E5F1 /* CFNetwork.framework in Frameworks */ = {isa = PBXBuildFile; fileRef = BB31119B15D7C3DA0047E5F1 /* CFNetwork.framework */; };
		BB3111C015D7C59C0047E5F1 /* SystemConfiguration.framework in Frameworks */ = {isa = PBXBuildFile; fileRef = BB3111BF15D7C59C0047E5F1 /* SystemConfiguration.framework */; };
		BBF04DB315D3DC180000BD41 /* dictionary.c in Sources */ = {isa = PBXBuildFile; fileRef = BBF04DAD15D3DC180000BD41 /* dictionary.c */; };
		BBF04DB415D3DC180000BD41 /* iniparser.c in Sources */ = {isa = PBXBuildFile; fileRef = BBF04DAF15D3DC180000BD41 /* iniparser.c */; };
		CE0A6CFB157B5B0C00C46A20 /* MainStoryboard_iPad.storyboard in Resources */ = {isa = PBXBuildFile; fileRef = CE0A6CF7157B5B0C00C46A20 /* MainStoryboard_iPad.storyboard */; };
		CE0A6CFC157B5B0C00C46A20 /* MainStoryboard_iPhone.storyboard in Resources */ = {isa = PBXBuildFile; fileRef = CE0A6CF9157B5B0C00C46A20 /* MainStoryboard_iPhone.storyboard */; };
		CE0A6D01157B5C7200C46A20 /* icon_57.png in Resources */ = {isa = PBXBuildFile; fileRef = CE0A6CFD157B5C7200C46A20 /* icon_57.png */; };
		CE0A6D02157B5C7200C46A20 /* icon_72.png in Resources */ = {isa = PBXBuildFile; fileRef = CE0A6CFE157B5C7200C46A20 /* icon_72.png */; };
		CE0A6D03157B5C7200C46A20 /* icon_114.png in Resources */ = {isa = PBXBuildFile; fileRef = CE0A6CFF157B5C7200C46A20 /* icon_114.png */; };
		CE0A6D04157B5C7200C46A20 /* icon_144.png in Resources */ = {isa = PBXBuildFile; fileRef = CE0A6D00157B5C7200C46A20 /* icon_144.png */; };
		CE9128D3157B4171008C98B1 /* UIKit.framework in Frameworks */ = {isa = PBXBuildFile; fileRef = CE9128D2157B4171008C98B1 /* UIKit.framework */; };
		CE9128D5157B4171008C98B1 /* Foundation.framework in Frameworks */ = {isa = PBXBuildFile; fileRef = CE9128D4157B4171008C98B1 /* Foundation.framework */; };
		CE9128D7157B4171008C98B1 /* CoreGraphics.framework in Frameworks */ = {isa = PBXBuildFile; fileRef = CE9128D6157B4171008C98B1 /* CoreGraphics.framework */; };
		CE9128DD157B4171008C98B1 /* InfoPlist.strings in Resources */ = {isa = PBXBuildFile; fileRef = CE9128DB157B4171008C98B1 /* InfoPlist.strings */; };
		CE9128DF157B4171008C98B1 /* main.m in Sources */ = {isa = PBXBuildFile; fileRef = CE9128DE157B4171008C98B1 /* main.m */; };
		CE9128E3157B4171008C98B1 /* GAppDelegate.m in Sources */ = {isa = PBXBuildFile; fileRef = CE9128E2157B4171008C98B1 /* GAppDelegate.m */; };
		CE9128EC157B4171008C98B1 /* GViewController.m in Sources */ = {isa = PBXBuildFile; fileRef = CE9128EB157B4171008C98B1 /* GViewController.m */; };
		CE912910157B43C2008C98B1 /* settings.png in Resources */ = {isa = PBXBuildFile; fileRef = CE91290F157B43C2008C98B1 /* settings.png */; };
		CE912963157B483F008C98B1 /* GSettingViewController.m in Sources */ = {isa = PBXBuildFile; fileRef = CE912962157B483F008C98B1 /* GSettingViewController.m */; };
		CED3CDDD15DB374500FA4742 /* GUtility.m in Sources */ = {isa = PBXBuildFile; fileRef = CED3CDDC15DB374500FA4742 /* GUtility.m */; };
/* End PBXBuildFile section */

/* Begin PBXFileReference section */
		BB31118A15D782E20047E5F1 /* goagent-local */ = {isa = PBXFileReference; lastKnownFileType = folder; name = "goagent-local"; path = "../../goagent-local"; sourceTree = "<group>"; };
		BB31118B15D782E20047E5F1 /* python */ = {isa = PBXFileReference; lastKnownFileType = folder; name = python; path = ../../python; sourceTree = "<group>"; };
		BB31119B15D7C3DA0047E5F1 /* CFNetwork.framework */ = {isa = PBXFileReference; lastKnownFileType = wrapper.framework; name = CFNetwork.framework; path = System/Library/Frameworks/CFNetwork.framework; sourceTree = SDKROOT; };
		BB3111BF15D7C59C0047E5F1 /* SystemConfiguration.framework */ = {isa = PBXFileReference; lastKnownFileType = wrapper.framework; name = SystemConfiguration.framework; path = System/Library/Frameworks/SystemConfiguration.framework; sourceTree = SDKROOT; };
		BBEFC40A15D537F5000ADA28 /* GConfig.h */ = {isa = PBXFileReference; fileEncoding = 4; lastKnownFileType = sourcecode.c.h; path = GConfig.h; sourceTree = "<group>"; };
		BBF04DAD15D3DC180000BD41 /* dictionary.c */ = {isa = PBXFileReference; fileEncoding = 4; lastKnownFileType = sourcecode.c.c; path = dictionary.c; sourceTree = "<group>"; };
		BBF04DAE15D3DC180000BD41 /* dictionary.h */ = {isa = PBXFileReference; fileEncoding = 4; lastKnownFileType = sourcecode.c.h; path = dictionary.h; sourceTree = "<group>"; };
		BBF04DAF15D3DC180000BD41 /* iniparser.c */ = {isa = PBXFileReference; fileEncoding = 4; lastKnownFileType = sourcecode.c.c; path = iniparser.c; sourceTree = "<group>"; };
		BBF04DB015D3DC180000BD41 /* iniparser.h */ = {isa = PBXFileReference; fileEncoding = 4; lastKnownFileType = sourcecode.c.h; path = iniparser.h; sourceTree = "<group>"; };
		CE0A6CF8157B5B0C00C46A20 /* en */ = {isa = PBXFileReference; lastKnownFileType = file.storyboard; name = en; path = en.lproj/MainStoryboard_iPad.storyboard; sourceTree = "<group>"; };
		CE0A6CFA157B5B0C00C46A20 /* en */ = {isa = PBXFileReference; lastKnownFileType = file.storyboard; name = en; path = en.lproj/MainStoryboard_iPhone.storyboard; sourceTree = "<group>"; };
		CE0A6CFD157B5C7200C46A20 /* icon_57.png */ = {isa = PBXFileReference; lastKnownFileType = image.png; path = icon_57.png; sourceTree = "<group>"; };
		CE0A6CFE157B5C7200C46A20 /* icon_72.png */ = {isa = PBXFileReference; lastKnownFileType = image.png; path = icon_72.png; sourceTree = "<group>"; };
		CE0A6CFF157B5C7200C46A20 /* icon_114.png */ = {isa = PBXFileReference; lastKnownFileType = image.png; path = icon_114.png; sourceTree = "<group>"; };
		CE0A6D00157B5C7200C46A20 /* icon_144.png */ = {isa = PBXFileReference; lastKnownFileType = image.png; path = icon_144.png; sourceTree = "<group>"; };
		CE33B66B15D4A4A300D00CF8 /* NSTask.h */ = {isa = PBXFileReference; fileEncoding = 4; lastKnownFileType = sourcecode.c.h; path = NSTask.h; sourceTree = "<group>"; };
		CE9128CE157B4171008C98B1 /* goagent-ios.app */ = {isa = PBXFileReference; explicitFileType = wrapper.application; includeInIndex = 0; path = "goagent-ios.app"; sourceTree = BUILT_PRODUCTS_DIR; };
		CE9128D2157B4171008C98B1 /* UIKit.framework */ = {isa = PBXFileReference; lastKnownFileType = wrapper.framework; name = UIKit.framework; path = System/Library/Frameworks/UIKit.framework; sourceTree = SDKROOT; };
		CE9128D4157B4171008C98B1 /* Foundation.framework */ = {isa = PBXFileReference; lastKnownFileType = wrapper.framework; name = Foundation.framework; path = System/Library/Frameworks/Foundation.framework; sourceTree = SDKROOT; };
		CE9128D6157B4171008C98B1 /* CoreGraphics.framework */ = {isa = PBXFileReference; lastKnownFileType = wrapper.framework; name = CoreGraphics.framework; path = System/Library/Frameworks/CoreGraphics.framework; sourceTree = SDKROOT; };
		CE9128DA157B4171008C98B1 /* goagent-ios-Info.plist */ = {isa = PBXFileReference; lastKnownFileType = text.plist.xml; path = "goagent-ios-Info.plist"; sourceTree = "<group>"; };
		CE9128DC157B4171008C98B1 /* en */ = {isa = PBXFileReference; lastKnownFileType = text.plist.strings; name = en; path = en.lproj/InfoPlist.strings; sourceTree = "<group>"; };
		CE9128DE157B4171008C98B1 /* main.m */ = {isa = PBXFileReference; lastKnownFileType = sourcecode.c.objc; path = main.m; sourceTree = "<group>"; };
		CE9128E0157B4171008C98B1 /* goagent-ios-Prefix.pch */ = {isa = PBXFileReference; lastKnownFileType = sourcecode.c.h; path = "goagent-ios-Prefix.pch"; sourceTree = "<group>"; };
		CE9128E1157B4171008C98B1 /* GAppDelegate.h */ = {isa = PBXFileReference; lastKnownFileType = sourcecode.c.h; path = GAppDelegate.h; sourceTree = "<group>"; };
		CE9128E2157B4171008C98B1 /* GAppDelegate.m */ = {isa = PBXFileReference; lastKnownFileType = sourcecode.c.objc; path = GAppDelegate.m; sourceTree = "<group>"; };
		CE9128EA157B4171008C98B1 /* GViewController.h */ = {isa = PBXFileReference; lastKnownFileType = sourcecode.c.h; path = GViewController.h; sourceTree = "<group>"; };
		CE9128EB157B4171008C98B1 /* GViewController.m */ = {isa = PBXFileReference; lastKnownFileType = sourcecode.c.objc; path = GViewController.m; sourceTree = "<group>"; };
		CE9128F3157B4171008C98B1 /* SenTestingKit.framework */ = {isa = PBXFileReference; lastKnownFileType = wrapper.framework; name = SenTestingKit.framework; path = Library/Frameworks/SenTestingKit.framework; sourceTree = DEVELOPER_DIR; };
		CE91290F157B43C2008C98B1 /* settings.png */ = {isa = PBXFileReference; lastKnownFileType = image.png; path = settings.png; sourceTree = "<group>"; };
		CE912961157B483F008C98B1 /* GSettingViewController.h */ = {isa = PBXFileReference; fileEncoding = 4; lastKnownFileType = sourcecode.c.h; path = GSettingViewController.h; sourceTree = "<group>"; };
		CE912962157B483F008C98B1 /* GSettingViewController.m */ = {isa = PBXFileReference; fileEncoding = 4; lastKnownFileType = sourcecode.c.objc; path = GSettingViewController.m; sourceTree = "<group>"; };
		CED3CDDB15DB374500FA4742 /* GUtility.h */ = {isa = PBXFileReference; fileEncoding = 4; lastKnownFileType = sourcecode.c.h; path = GUtility.h; sourceTree = "<group>"; };
		CED3CDDC15DB374500FA4742 /* GUtility.m */ = {isa = PBXFileReference; fileEncoding = 4; lastKnownFileType = sourcecode.c.objc; path = GUtility.m; sourceTree = "<group>"; };
/* End PBXFileReference section */

/* Begin PBXFrameworksBuildPhase section */
		CE9128CB157B4171008C98B1 /* Frameworks */ = {
			isa = PBXFrameworksBuildPhase;
			buildActionMask = 2147483647;
			files = (
				BB3111C015D7C59C0047E5F1 /* SystemConfiguration.framework in Frameworks */,
				BB31119C15D7C3DA0047E5F1 /* CFNetwork.framework in Frameworks */,
				CE9128D3157B4171008C98B1 /* UIKit.framework in Frameworks */,
				CE9128D5157B4171008C98B1 /* Foundation.framework in Frameworks */,
				CE9128D7157B4171008C98B1 /* CoreGraphics.framework in Frameworks */,
			);
			runOnlyForDeploymentPostprocessing = 0;
		};
/* End PBXFrameworksBuildPhase section */

/* Begin PBXGroup section */
		BBF04DAB15D3DC180000BD41 /* iniparser */ = {
			isa = PBXGroup;
			children = (
				BBF04DAD15D3DC180000BD41 /* dictionary.c */,
				BBF04DAE15D3DC180000BD41 /* dictionary.h */,
				BBF04DAF15D3DC180000BD41 /* iniparser.c */,
				BBF04DB015D3DC180000BD41 /* iniparser.h */,
			);
			name = iniparser;
			path = 3rdparty/iniparser;
			sourceTree = "<group>";
		};
		CE9128C3157B4171008C98B1 = {
			isa = PBXGroup;
			children = (
				CE9128D8157B4171008C98B1 /* goagent-ios */,
				CE9128D1157B4171008C98B1 /* Frameworks */,
				CE9128CF157B4171008C98B1 /* Products */,
			);
			sourceTree = "<group>";
		};
		CE9128CF157B4171008C98B1 /* Products */ = {
			isa = PBXGroup;
			children = (
				CE9128CE157B4171008C98B1 /* goagent-ios.app */,
			);
			name = Products;
			sourceTree = "<group>";
		};
		CE9128D1157B4171008C98B1 /* Frameworks */ = {
			isa = PBXGroup;
			children = (
				BB3111BF15D7C59C0047E5F1 /* SystemConfiguration.framework */,
				BB31119B15D7C3DA0047E5F1 /* CFNetwork.framework */,
				CE9128D2157B4171008C98B1 /* UIKit.framework */,
				CE9128D4157B4171008C98B1 /* Foundation.framework */,
				CE9128D6157B4171008C98B1 /* CoreGraphics.framework */,
				CE9128F3157B4171008C98B1 /* SenTestingKit.framework */,
			);
			name = Frameworks;
			sourceTree = "<group>";
		};
		CE9128D8157B4171008C98B1 /* goagent-ios */ = {
			isa = PBXGroup;
			children = (
				BBF04DAB15D3DC180000BD41 /* iniparser */,
				BBEFC40A15D537F5000ADA28 /* GConfig.h */,
				CE33B66B15D4A4A300D00CF8 /* NSTask.h */,
				CED3CDDB15DB374500FA4742 /* GUtility.h */,
				CED3CDDC15DB374500FA4742 /* GUtility.m */,
				CE9128E1157B4171008C98B1 /* GAppDelegate.h */,
				CE9128E2157B4171008C98B1 /* GAppDelegate.m */,
				CE9128EA157B4171008C98B1 /* GViewController.h */,
				CE9128EB157B4171008C98B1 /* GViewController.m */,
				CE912961157B483F008C98B1 /* GSettingViewController.h */,
				CE912962157B483F008C98B1 /* GSettingViewController.m */,
				CE91290E157B4382008C98B1 /* resources */,
				CE9128D9157B4171008C98B1 /* Supporting Files */,
			);
			path = "goagent-ios";
			sourceTree = "<group>";
		};
		CE9128D9157B4171008C98B1 /* Supporting Files */ = {
			isa = PBXGroup;
			children = (
				CE9128DA157B4171008C98B1 /* goagent-ios-Info.plist */,
				CE9128DB157B4171008C98B1 /* InfoPlist.strings */,
				CE9128DE157B4171008C98B1 /* main.m */,
				CE9128E0157B4171008C98B1 /* goagent-ios-Prefix.pch */,
			);
			name = "Supporting Files";
			sourceTree = "<group>";
		};
		CE91290E157B4382008C98B1 /* resources */ = {
			isa = PBXGroup;
			children = (
				BB31118A15D782E20047E5F1 /* goagent-local */,
				BB31118B15D782E20047E5F1 /* python */,
				CE0A6CFD157B5C7200C46A20 /* icon_57.png */,
				CE0A6CFE157B5C7200C46A20 /* icon_72.png */,
				CE0A6CFF157B5C7200C46A20 /* icon_114.png */,
				CE0A6D00157B5C7200C46A20 /* icon_144.png */,
				CE0A6CF7157B5B0C00C46A20 /* MainStoryboard_iPad.storyboard */,
				CE0A6CF9157B5B0C00C46A20 /* MainStoryboard_iPhone.storyboard */,
				CE91290F157B43C2008C98B1 /* settings.png */,
			);
			name = resources;
			sourceTree = "<group>";
		};
/* End PBXGroup section */

/* Begin PBXNativeTarget section */
		CE9128CD157B4171008C98B1 /* goagent-ios */ = {
			isa = PBXNativeTarget;
			buildConfigurationList = CE912904157B4171008C98B1 /* Build configuration list for PBXNativeTarget "goagent-ios" */;
			buildPhases = (
				CE9128CA157B4171008C98B1 /* Sources */,
				CE9128CB157B4171008C98B1 /* Frameworks */,
				CE9128CC157B4171008C98B1 /* Resources */,
			);
			buildRules = (
			);
			dependencies = (
			);
			name = "goagent-ios";
			productName = "goagent-ios";
			productReference = CE9128CE157B4171008C98B1 /* goagent-ios.app */;
			productType = "com.apple.product-type.application";
		};
/* End PBXNativeTarget section */

/* Begin PBXProject section */
		CE9128C5157B4171008C98B1 /* Project object */ = {
			isa = PBXProject;
			attributes = {
				CLASSPREFIX = G;
				LastUpgradeCheck = 0430;
				ORGANIZATIONNAME = "goagent project";
			};
			buildConfigurationList = CE9128C8157B4171008C98B1 /* Build configuration list for PBXProject "goagent-ios" */;
			compatibilityVersion = "Xcode 3.2";
			developmentRegion = English;
			hasScannedForEncodings = 0;
			knownRegions = (
				en,
			);
			mainGroup = CE9128C3157B4171008C98B1;
			productRefGroup = CE9128CF157B4171008C98B1 /* Products */;
			projectDirPath = "";
			projectRoot = "";
			targets = (
				CE9128CD157B4171008C98B1 /* goagent-ios */,
			);
		};
/* End PBXProject section */

/* Begin PBXResourcesBuildPhase section */
		CE9128CC157B4171008C98B1 /* Resources */ = {
			isa = PBXResourcesBuildPhase;
			buildActionMask = 2147483647;
			files = (
				CE9128DD157B4171008C98B1 /* InfoPlist.strings in Resources */,
				CE912910157B43C2008C98B1 /* settings.png in Resources */,
				CE0A6CFB157B5B0C00C46A20 /* MainStoryboard_iPad.storyboard in Resources */,
				CE0A6CFC157B5B0C00C46A20 /* MainStoryboard_iPhone.storyboard in Resources */,
				CE0A6D01157B5C7200C46A20 /* icon_57.png in Resources */,
				CE0A6D02157B5C7200C46A20 /* icon_72.png in Resources */,
				CE0A6D03157B5C7200C46A20 /* icon_114.png in Resources */,
				CE0A6D04157B5C7200C46A20 /* icon_144.png in Resources */,
				BB31118C15D782E20047E5F1 /* goagent-local in Resources */,
				BB31118D15D782E20047E5F1 /* python in Resources */,
			);
			runOnlyForDeploymentPostprocessing = 0;
		};
/* End PBXResourcesBuildPhase section */

/* Begin PBXSourcesBuildPhase section */
		CE9128CA157B4171008C98B1 /* Sources */ = {
			isa = PBXSourcesBuildPhase;
			buildActionMask = 2147483647;
			files = (
				CE9128DF157B4171008C98B1 /* main.m in Sources */,
				CE9128E3157B4171008C98B1 /* GAppDelegate.m in Sources */,
				CE9128EC157B4171008C98B1 /* GViewController.m in Sources */,
				CE912963157B483F008C98B1 /* GSettingViewController.m in Sources */,
				BBF04DB315D3DC180000BD41 /* dictionary.c in Sources */,
				BBF04DB415D3DC180000BD41 /* iniparser.c in Sources */,
				CED3CDDD15DB374500FA4742 /* GUtility.m in Sources */,
			);
			runOnlyForDeploymentPostprocessing = 0;
		};
/* End PBXSourcesBuildPhase section */

/* Begin PBXVariantGroup section */
		CE0A6CF7157B5B0C00C46A20 /* MainStoryboard_iPad.storyboard */ = {
			isa = PBXVariantGroup;
			children = (
				CE0A6CF8157B5B0C00C46A20 /* en */,
			);
			name = MainStoryboard_iPad.storyboard;
			sourceTree = "<group>";
		};
		CE0A6CF9157B5B0C00C46A20 /* MainStoryboard_iPhone.storyboard */ = {
			isa = PBXVariantGroup;
			children = (
				CE0A6CFA157B5B0C00C46A20 /* en */,
			);
			name = MainStoryboard_iPhone.storyboard;
			sourceTree = "<group>";
		};
		CE9128DB157B4171008C98B1 /* InfoPlist.strings */ = {
			isa = PBXVariantGroup;
			children = (
				CE9128DC157B4171008C98B1 /* en */,
			);
			name = InfoPlist.strings;
			sourceTree = "<group>";
		};
/* End PBXVariantGroup section */

/* Begin XCBuildConfiguration section */
		CE912902157B4171008C98B1 /* Debug */ = {
			isa = XCBuildConfiguration;
			buildSettings = {
				ALWAYS_SEARCH_USER_PATHS = NO;
				ARCHS = "$(ARCHS_STANDARD_32_BIT)";
				CLANG_ENABLE_OBJC_ARC = NO;
				CODE_SIGN_IDENTITY = "iPhone Developer";
				"CODE_SIGN_IDENTITY[sdk=iphoneos*]" = "iPhone Developer";
				COPY_PHASE_STRIP = NO;
				GCC_C_LANGUAGE_STANDARD = gnu99;
				GCC_DYNAMIC_NO_PIC = NO;
				GCC_OPTIMIZATION_LEVEL = 0;
				GCC_PREPROCESSOR_DEFINITIONS = (
					"DEBUG=1",
					"$(inherited)",
				);
				GCC_SYMBOLS_PRIVATE_EXTERN = NO;
				GCC_VERSION = com.apple.compilers.llvm.clang.1_0;
				GCC_WARN_ABOUT_RETURN_TYPE = YES;
				GCC_WARN_UNINITIALIZED_AUTOS = YES;
				GCC_WARN_UNUSED_VARIABLE = YES;
				IPHONEOS_DEPLOYMENT_TARGET = 5.0;
				PROVISIONING_PROFILE = "";
				"PROVISIONING_PROFILE[sdk=iphoneos*]" = "";
				SDKROOT = iphoneos;
				TARGETED_DEVICE_FAMILY = "1,2";
			};
			name = Debug;
		};
		CE912903157B4171008C98B1 /* Release */ = {
			isa = XCBuildConfiguration;
			buildSettings = {
				ALWAYS_SEARCH_USER_PATHS = NO;
				ARCHS = "$(ARCHS_STANDARD_32_BIT)";
				CLANG_ENABLE_OBJC_ARC = NO;
				CODE_SIGN_IDENTITY = "iPhone Developer";
				"CODE_SIGN_IDENTITY[sdk=iphoneos*]" = "iPhone Developer";
				COPY_PHASE_STRIP = NO;
				GCC_C_LANGUAGE_STANDARD = gnu99;
				GCC_VERSION = com.apple.compilers.llvm.clang.1_0;
				GCC_WARN_ABOUT_RETURN_TYPE = YES;
				GCC_WARN_UNINITIALIZED_AUTOS = YES;
				GCC_WARN_UNUSED_VARIABLE = YES;
				IPHONEOS_DEPLOYMENT_TARGET = 5.0;
				OTHER_CFLAGS = "-DNS_BLOCK_ASSERTIONS=1";
				PROVISIONING_PROFILE = "";
				"PROVISIONING_PROFILE[sdk=iphoneos*]" = "";
				SDKROOT = iphoneos;
				TARGETED_DEVICE_FAMILY = "1,2";
				VALIDATE_PRODUCT = YES;
			};
			name = Release;
		};
		CE912905157B4171008C98B1 /* Debug */ = {
			isa = XCBuildConfiguration;
			buildSettings = {
				CLANG_ENABLE_OBJC_ARC = YES;
				CODE_SIGN_IDENTITY = "iPhone Developer";
				"CODE_SIGN_IDENTITY[sdk=iphoneos*]" = "iPhone Developer";
				GCC_PRECOMPILE_PREFIX_HEADER = YES;
				GCC_PREFIX_HEADER = "goagent-ios/goagent-ios-Prefix.pch";
				INFOPLIST_FILE = "goagent-ios/goagent-ios-Info.plist";
				IPHONEOS_DEPLOYMENT_TARGET = 5.0;
				LIBRARY_SEARCH_PATHS = (
					"$(inherited)",
					"\"$(SRCROOT)/../python/lib/python2.7/config\"",
				);
				PRODUCT_NAME = "$(TARGET_NAME)";
				PROVISIONING_PROFILE = "";
				"PROVISIONING_PROFILE[sdk=iphoneos*]" = "";
				SDKROOT = iphoneos;
				TARGETED_DEVICE_FAMILY = "1,2";
				WRAPPER_EXTENSION = app;
			};
			name = Debug;
		};
		CE912906157B4171008C98B1 /* Release */ = {
			isa = XCBuildConfiguration;
			buildSettings = {
				CLANG_ENABLE_OBJC_ARC = YES;
				CODE_SIGN_IDENTITY = "iPhone Developer";
				GCC_PRECOMPILE_PREFIX_HEADER = YES;
				GCC_PREFIX_HEADER = "goagent-ios/goagent-ios-Prefix.pch";
				INFOPLIST_FILE = "goagent-ios/goagent-ios-Info.plist";
				IPHONEOS_DEPLOYMENT_TARGET = 5.0;
				LIBRARY_SEARCH_PATHS = (
					"$(inherited)",
					"\"$(SRCROOT)/../python/lib/python2.7/config\"",
				);
				PRODUCT_NAME = "$(TARGET_NAME)";
				PROVISIONING_PROFILE = "";
				SDKROOT = iphoneos;
				TARGETED_DEVICE_FAMILY = "1,2";
				WRAPPER_EXTENSION = app;
			};
			name = Release;
		};
/* End XCBuildConfiguration section */

/* Begin XCConfigurationList section */
		CE9128C8157B4171008C98B1 /* Build configuration list for PBXProject "goagent-ios" */ = {
			isa = XCConfigurationList;
			buildConfigurations = (
				CE912902157B4171008C98B1 /* Debug */,
				CE912903157B4171008C98B1 /* Release */,
			);
			defaultConfigurationIsVisible = 0;
			defaultConfigurationName = Debug;
		};
		CE912904157B4171008C98B1 /* Build configuration list for PBXNativeTarget "goagent-ios" */ = {
			isa = XCConfigurationList;
			buildConfigurations = (
				CE912905157B4171008C98B1 /* Debug */,
				CE912906157B4171008C98B1 /* Release */,
			);
			defaultConfigurationIsVisible = 0;
			defaultConfigurationName = Debug;
		};
/* End XCConfigurationList section */
	};
	rootObject = CE9128C5157B4171008C98B1 /* Project object */;
}
