// !$*UTF8*$!
{
	archiveVersion = 1;
	classes = {
	};
	objectVersion = 46;
	objects = {

/* Begin PBXBuildFile section */
		CE980DE4157B3AB300C534E9 /* UIKit.framework in Frameworks */ = {isa = PBXBuildFile; fileRef = CE980DE3157B3AB300C534E9 /* UIKit.framework */; };
		CE980DE6157B3AB300C534E9 /* Foundation.framework in Frameworks */ = {isa = PBXBuildFile; fileRef = CE980DE5157B3AB300C534E9 /* Foundation.framework */; };
		CE980DE8157B3AB300C534E9 /* CoreGraphics.framework in Frameworks */ = {isa = PBXBuildFile; fileRef = CE980DE7157B3AB300C534E9 /* CoreGraphics.framework */; };
		CE980DEE157B3AB300C534E9 /* InfoPlist.strings in Resources */ = {isa = PBXBuildFile; fileRef = CE980DEC157B3AB300C534E9 /* InfoPlist.strings */; };
		CE980DF0157B3AB300C534E9 /* main.m in Sources */ = {isa = PBXBuildFile; fileRef = CE980DEF157B3AB300C534E9 /* main.m */; };
		CE980DF4157B3AB300C534E9 /* GAppDelegate.m in Sources */ = {isa = PBXBuildFile; fileRef = CE980DF3157B3AB300C534E9 /* GAppDelegate.m */; };
		CE980DFC157B3AB300C534E9 /* SenTestingKit.framework in Frameworks */ = {isa = PBXBuildFile; fileRef = CE980DFB157B3AB300C534E9 /* SenTestingKit.framework */; };
		CE980DFD157B3AB300C534E9 /* UIKit.framework in Frameworks */ = {isa = PBXBuildFile; fileRef = CE980DE3157B3AB300C534E9 /* UIKit.framework */; };
		CE980DFE157B3AB300C534E9 /* Foundation.framework in Frameworks */ = {isa = PBXBuildFile; fileRef = CE980DE5157B3AB300C534E9 /* Foundation.framework */; };
		CE980E06157B3AB300C534E9 /* InfoPlist.strings in Resources */ = {isa = PBXBuildFile; fileRef = CE980E04157B3AB300C534E9 /* InfoPlist.strings */; };
		CE980E09157B3AB300C534E9 /* goagent_iosTests.m in Sources */ = {isa = PBXBuildFile; fileRef = CE980E08157B3AB300C534E9 /* goagent_iosTests.m */; };
/* End PBXBuildFile section */

/* Begin PBXContainerItemProxy section */
		CE980DFF157B3AB300C534E9 /* PBXContainerItemProxy */ = {
			isa = PBXContainerItemProxy;
			containerPortal = CE980DD6157B3AB300C534E9 /* Project object */;
			proxyType = 1;
			remoteGlobalIDString = CE980DDE157B3AB300C534E9;
			remoteInfo = "goagent-ios";
		};
/* End PBXContainerItemProxy section */

/* Begin PBXFileReference section */
		CE980DDF157B3AB300C534E9 /* goagent-ios.app */ = {isa = PBXFileReference; explicitFileType = wrapper.application; includeInIndex = 0; path = "goagent-ios.app"; sourceTree = BUILT_PRODUCTS_DIR; };
		CE980DE3157B3AB300C534E9 /* UIKit.framework */ = {isa = PBXFileReference; lastKnownFileType = wrapper.framework; name = UIKit.framework; path = System/Library/Frameworks/UIKit.framework; sourceTree = SDKROOT; };
		CE980DE5157B3AB300C534E9 /* Foundation.framework */ = {isa = PBXFileReference; lastKnownFileType = wrapper.framework; name = Foundation.framework; path = System/Library/Frameworks/Foundation.framework; sourceTree = SDKROOT; };
		CE980DE7157B3AB300C534E9 /* CoreGraphics.framework */ = {isa = PBXFileReference; lastKnownFileType = wrapper.framework; name = CoreGraphics.framework; path = System/Library/Frameworks/CoreGraphics.framework; sourceTree = SDKROOT; };
		CE980DEB157B3AB300C534E9 /* goagent-ios-Info.plist */ = {isa = PBXFileReference; lastKnownFileType = text.plist.xml; path = "goagent-ios-Info.plist"; sourceTree = "<group>"; };
		CE980DED157B3AB300C534E9 /* en */ = {isa = PBXFileReference; lastKnownFileType = text.plist.strings; name = en; path = en.lproj/InfoPlist.strings; sourceTree = "<group>"; };
		CE980DEF157B3AB300C534E9 /* main.m */ = {isa = PBXFileReference; lastKnownFileType = sourcecode.c.objc; path = main.m; sourceTree = "<group>"; };
		CE980DF1157B3AB300C534E9 /* goagent-ios-Prefix.pch */ = {isa = PBXFileReference; lastKnownFileType = sourcecode.c.h; path = "goagent-ios-Prefix.pch"; sourceTree = "<group>"; };
		CE980DF2157B3AB300C534E9 /* GAppDelegate.h */ = {isa = PBXFileReference; lastKnownFileType = sourcecode.c.h; path = GAppDelegate.h; sourceTree = "<group>"; };
		CE980DF3157B3AB300C534E9 /* GAppDelegate.m */ = {isa = PBXFileReference; lastKnownFileType = sourcecode.c.objc; path = GAppDelegate.m; sourceTree = "<group>"; };
		CE980DFA157B3AB300C534E9 /* goagent-iosTests.octest */ = {isa = PBXFileReference; explicitFileType = wrapper.cfbundle; includeInIndex = 0; path = "goagent-iosTests.octest"; sourceTree = BUILT_PRODUCTS_DIR; };
		CE980DFB157B3AB300C534E9 /* SenTestingKit.framework */ = {isa = PBXFileReference; lastKnownFileType = wrapper.framework; name = SenTestingKit.framework; path = Library/Frameworks/SenTestingKit.framework; sourceTree = DEVELOPER_DIR; };
		CE980E03157B3AB300C534E9 /* goagent-iosTests-Info.plist */ = {isa = PBXFileReference; lastKnownFileType = text.plist.xml; path = "goagent-iosTests-Info.plist"; sourceTree = "<group>"; };
		CE980E05157B3AB300C534E9 /* en */ = {isa = PBXFileReference; lastKnownFileType = text.plist.strings; name = en; path = en.lproj/InfoPlist.strings; sourceTree = "<group>"; };
		CE980E07157B3AB300C534E9 /* goagent_iosTests.h */ = {isa = PBXFileReference; lastKnownFileType = sourcecode.c.h; path = goagent_iosTests.h; sourceTree = "<group>"; };
		CE980E08157B3AB300C534E9 /* goagent_iosTests.m */ = {isa = PBXFileReference; lastKnownFileType = sourcecode.c.objc; path = goagent_iosTests.m; sourceTree = "<group>"; };
/* End PBXFileReference section */

/* Begin PBXFrameworksBuildPhase section */
		CE980DDC157B3AB300C534E9 /* Frameworks */ = {
			isa = PBXFrameworksBuildPhase;
			buildActionMask = 2147483647;
			files = (
				CE980DE4157B3AB300C534E9 /* UIKit.framework in Frameworks */,
				CE980DE6157B3AB300C534E9 /* Foundation.framework in Frameworks */,
				CE980DE8157B3AB300C534E9 /* CoreGraphics.framework in Frameworks */,
			);
			runOnlyForDeploymentPostprocessing = 0;
		};
		CE980DF6157B3AB300C534E9 /* Frameworks */ = {
			isa = PBXFrameworksBuildPhase;
			buildActionMask = 2147483647;
			files = (
				CE980DFC157B3AB300C534E9 /* SenTestingKit.framework in Frameworks */,
				CE980DFD157B3AB300C534E9 /* UIKit.framework in Frameworks */,
				CE980DFE157B3AB300C534E9 /* Foundation.framework in Frameworks */,
			);
			runOnlyForDeploymentPostprocessing = 0;
		};
/* End PBXFrameworksBuildPhase section */

/* Begin PBXGroup section */
		CE980DD4157B3AB300C534E9 = {
			isa = PBXGroup;
			children = (
				CE980DE9157B3AB300C534E9 /* goagent-ios */,
				CE980E01157B3AB300C534E9 /* goagent-iosTests */,
				CE980DE2157B3AB300C534E9 /* Frameworks */,
				CE980DE0157B3AB300C534E9 /* Products */,
			);
			sourceTree = "<group>";
		};
		CE980DE0157B3AB300C534E9 /* Products */ = {
			isa = PBXGroup;
			children = (
				CE980DDF157B3AB300C534E9 /* goagent-ios.app */,
				CE980DFA157B3AB300C534E9 /* goagent-iosTests.octest */,
			);
			name = Products;
			sourceTree = "<group>";
		};
		CE980DE2157B3AB300C534E9 /* Frameworks */ = {
			isa = PBXGroup;
			children = (
				CE980DE3157B3AB300C534E9 /* UIKit.framework */,
				CE980DE5157B3AB300C534E9 /* Foundation.framework */,
				CE980DE7157B3AB300C534E9 /* CoreGraphics.framework */,
				CE980DFB157B3AB300C534E9 /* SenTestingKit.framework */,
			);
			name = Frameworks;
			sourceTree = "<group>";
		};
		CE980DE9157B3AB300C534E9 /* goagent-ios */ = {
			isa = PBXGroup;
			children = (
				CE980DF2157B3AB300C534E9 /* GAppDelegate.h */,
				CE980DF3157B3AB300C534E9 /* GAppDelegate.m */,
				CE980DEA157B3AB300C534E9 /* Supporting Files */,
			);
			path = "goagent-ios";
			sourceTree = "<group>";
		};
		CE980DEA157B3AB300C534E9 /* Supporting Files */ = {
			isa = PBXGroup;
			children = (
				CE980DEB157B3AB300C534E9 /* goagent-ios-Info.plist */,
				CE980DEC157B3AB300C534E9 /* InfoPlist.strings */,
				CE980DEF157B3AB300C534E9 /* main.m */,
				CE980DF1157B3AB300C534E9 /* goagent-ios-Prefix.pch */,
			);
			name = "Supporting Files";
			sourceTree = "<group>";
		};
		CE980E01157B3AB300C534E9 /* goagent-iosTests */ = {
			isa = PBXGroup;
			children = (
				CE980E07157B3AB300C534E9 /* goagent_iosTests.h */,
				CE980E08157B3AB300C534E9 /* goagent_iosTests.m */,
				CE980E02157B3AB300C534E9 /* Supporting Files */,
			);
			path = "goagent-iosTests";
			sourceTree = "<group>";
		};
		CE980E02157B3AB300C534E9 /* Supporting Files */ = {
			isa = PBXGroup;
			children = (
				CE980E03157B3AB300C534E9 /* goagent-iosTests-Info.plist */,
				CE980E04157B3AB300C534E9 /* InfoPlist.strings */,
			);
			name = "Supporting Files";
			sourceTree = "<group>";
		};
/* End PBXGroup section */

/* Begin PBXNativeTarget section */
		CE980DDE157B3AB300C534E9 /* goagent-ios */ = {
			isa = PBXNativeTarget;
			buildConfigurationList = CE980E0C157B3AB300C534E9 /* Build configuration list for PBXNativeTarget "goagent-ios" */;
			buildPhases = (
				CE980DDB157B3AB300C534E9 /* Sources */,
				CE980DDC157B3AB300C534E9 /* Frameworks */,
				CE980DDD157B3AB300C534E9 /* Resources */,
			);
			buildRules = (
			);
			dependencies = (
			);
			name = "goagent-ios";
			productName = "goagent-ios";
			productReference = CE980DDF157B3AB300C534E9 /* goagent-ios.app */;
			productType = "com.apple.product-type.application";
		};
		CE980DF9157B3AB300C534E9 /* goagent-iosTests */ = {
			isa = PBXNativeTarget;
			buildConfigurationList = CE980E0F157B3AB300C534E9 /* Build configuration list for PBXNativeTarget "goagent-iosTests" */;
			buildPhases = (
				CE980DF5157B3AB300C534E9 /* Sources */,
				CE980DF6157B3AB300C534E9 /* Frameworks */,
				CE980DF7157B3AB300C534E9 /* Resources */,
				CE980DF8157B3AB300C534E9 /* ShellScript */,
			);
			buildRules = (
			);
			dependencies = (
				CE980E00157B3AB300C534E9 /* PBXTargetDependency */,
			);
			name = "goagent-iosTests";
			productName = "goagent-iosTests";
			productReference = CE980DFA157B3AB300C534E9 /* goagent-iosTests.octest */;
			productType = "com.apple.product-type.bundle";
		};
/* End PBXNativeTarget section */

/* Begin PBXProject section */
		CE980DD6157B3AB300C534E9 /* Project object */ = {
			isa = PBXProject;
			attributes = {
				CLASSPREFIX = G;
				LastUpgradeCheck = 0430;
			};
			buildConfigurationList = CE980DD9157B3AB300C534E9 /* Build configuration list for PBXProject "goagent-ios" */;
			compatibilityVersion = "Xcode 3.2";
			developmentRegion = English;
			hasScannedForEncodings = 0;
			knownRegions = (
				en,
			);
			mainGroup = CE980DD4157B3AB300C534E9;
			productRefGroup = CE980DE0157B3AB300C534E9 /* Products */;
			projectDirPath = "";
			projectRoot = "";
			targets = (
				CE980DDE157B3AB300C534E9 /* goagent-ios */,
				CE980DF9157B3AB300C534E9 /* goagent-iosTests */,
			);
		};
/* End PBXProject section */

/* Begin PBXResourcesBuildPhase section */
		CE980DDD157B3AB300C534E9 /* Resources */ = {
			isa = PBXResourcesBuildPhase;
			buildActionMask = 2147483647;
			files = (
				CE980DEE157B3AB300C534E9 /* InfoPlist.strings in Resources */,
			);
			runOnlyForDeploymentPostprocessing = 0;
		};
		CE980DF7157B3AB300C534E9 /* Resources */ = {
			isa = PBXResourcesBuildPhase;
			buildActionMask = 2147483647;
			files = (
				CE980E06157B3AB300C534E9 /* InfoPlist.strings in Resources */,
			);
			runOnlyForDeploymentPostprocessing = 0;
		};
/* End PBXResourcesBuildPhase section */

/* Begin PBXShellScriptBuildPhase section */
		CE980DF8157B3AB300C534E9 /* ShellScript */ = {
			isa = PBXShellScriptBuildPhase;
			buildActionMask = 2147483647;
			files = (
			);
			inputPaths = (
			);
			outputPaths = (
			);
			runOnlyForDeploymentPostprocessing = 0;
			shellPath = /bin/sh;
			shellScript = "# Run the unit tests in this test bundle.\n\"${SYSTEM_DEVELOPER_DIR}/Tools/RunUnitTests\"\n";
		};
/* End PBXShellScriptBuildPhase section */

/* Begin PBXSourcesBuildPhase section */
		CE980DDB157B3AB300C534E9 /* Sources */ = {
			isa = PBXSourcesBuildPhase;
			buildActionMask = 2147483647;
			files = (
				CE980DF0157B3AB300C534E9 /* main.m in Sources */,
				CE980DF4157B3AB300C534E9 /* GAppDelegate.m in Sources */,
			);
			runOnlyForDeploymentPostprocessing = 0;
		};
		CE980DF5157B3AB300C534E9 /* Sources */ = {
			isa = PBXSourcesBuildPhase;
			buildActionMask = 2147483647;
			files = (
				CE980E09157B3AB300C534E9 /* goagent_iosTests.m in Sources */,
			);
			runOnlyForDeploymentPostprocessing = 0;
		};
/* End PBXSourcesBuildPhase section */

/* Begin PBXTargetDependency section */
		CE980E00157B3AB300C534E9 /* PBXTargetDependency */ = {
			isa = PBXTargetDependency;
			target = CE980DDE157B3AB300C534E9 /* goagent-ios */;
			targetProxy = CE980DFF157B3AB300C534E9 /* PBXContainerItemProxy */;
		};
/* End PBXTargetDependency section */

/* Begin PBXVariantGroup section */
		CE980DEC157B3AB300C534E9 /* InfoPlist.strings */ = {
			isa = PBXVariantGroup;
			children = (
				CE980DED157B3AB300C534E9 /* en */,
			);
			name = InfoPlist.strings;
			sourceTree = "<group>";
		};
		CE980E04157B3AB300C534E9 /* InfoPlist.strings */ = {
			isa = PBXVariantGroup;
			children = (
				CE980E05157B3AB300C534E9 /* en */,
			);
			name = InfoPlist.strings;
			sourceTree = "<group>";
		};
/* End PBXVariantGroup section */

/* Begin XCBuildConfiguration section */
		CE980E0A157B3AB300C534E9 /* Debug */ = {
			isa = XCBuildConfiguration;
			buildSettings = {
				ALWAYS_SEARCH_USER_PATHS = NO;
				ARCHS = "$(ARCHS_STANDARD_32_BIT)";
				CLANG_ENABLE_OBJC_ARC = YES;
				"CODE_SIGN_IDENTITY[sdk=iphoneos*]" = "iPhone Developer";
				COPY_PHASE_STRIP = NO;
				GCC_C_LANGUAGE_STANDARD = gnu99;
				GCC_DYNAMIC_NO_PIC = NO;
				GCC_OPTIMIZATION_LEVEL = 0;
				GCC_PREPROCESSOR_DEFINITIONS = (
					"DEBUG=1",
					"$(inherited)",
				);
				GCC_SYMBOLS_PRIVATE_EXTERN = NO;
				GCC_VERSION = com.apple.compilers.llvm.clang.1_0;
				GCC_WARN_ABOUT_RETURN_TYPE = YES;
				GCC_WARN_UNINITIALIZED_AUTOS = YES;
				GCC_WARN_UNUSED_VARIABLE = YES;
				IPHONEOS_DEPLOYMENT_TARGET = 5.1;
				SDKROOT = iphoneos;
				TARGETED_DEVICE_FAMILY = "1,2";
			};
			name = Debug;
		};
		CE980E0B157B3AB300C534E9 /* Release */ = {
			isa = XCBuildConfiguration;
			buildSettings = {
				ALWAYS_SEARCH_USER_PATHS = NO;
				ARCHS = "$(ARCHS_STANDARD_32_BIT)";
				CLANG_ENABLE_OBJC_ARC = YES;
				"CODE_SIGN_IDENTITY[sdk=iphoneos*]" = "iPhone Developer";
				COPY_PHASE_STRIP = YES;
				GCC_C_LANGUAGE_STANDARD = gnu99;
				GCC_VERSION = com.apple.compilers.llvm.clang.1_0;
				GCC_WARN_ABOUT_RETURN_TYPE = YES;
				GCC_WARN_UNINITIALIZED_AUTOS = YES;
				GCC_WARN_UNUSED_VARIABLE = YES;
				IPHONEOS_DEPLOYMENT_TARGET = 5.1;
				OTHER_CFLAGS = "-DNS_BLOCK_ASSERTIONS=1";
				SDKROOT = iphoneos;
				TARGETED_DEVICE_FAMILY = "1,2";
				VALIDATE_PRODUCT = YES;
			};
			name = Release;
		};
		CE980E0D157B3AB300C534E9 /* Debug */ = {
			isa = XCBuildConfiguration;
			buildSettings = {
				GCC_PRECOMPILE_PREFIX_HEADER = YES;
				GCC_PREFIX_HEADER = "goagent-ios/goagent-ios-Prefix.pch";
				INFOPLIST_FILE = "goagent-ios/goagent-ios-Info.plist";
				PRODUCT_NAME = "$(TARGET_NAME)";
				WRAPPER_EXTENSION = app;
			};
			name = Debug;
		};
		CE980E0E157B3AB300C534E9 /* Release */ = {
			isa = XCBuildConfiguration;
			buildSettings = {
				GCC_PRECOMPILE_PREFIX_HEADER = YES;
				GCC_PREFIX_HEADER = "goagent-ios/goagent-ios-Prefix.pch";
				INFOPLIST_FILE = "goagent-ios/goagent-ios-Info.plist";
				PRODUCT_NAME = "$(TARGET_NAME)";
				WRAPPER_EXTENSION = app;
			};
			name = Release;
		};
		CE980E10157B3AB300C534E9 /* Debug */ = {
			isa = XCBuildConfiguration;
			buildSettings = {
				BUNDLE_LOADER = "$(BUILT_PRODUCTS_DIR)/goagent-ios.app/goagent-ios";
				FRAMEWORK_SEARCH_PATHS = (
					"$(SDKROOT)/Developer/Library/Frameworks",
					"$(DEVELOPER_LIBRARY_DIR)/Frameworks",
				);
				GCC_PRECOMPILE_PREFIX_HEADER = YES;
				GCC_PREFIX_HEADER = "goagent-ios/goagent-ios-Prefix.pch";
				INFOPLIST_FILE = "goagent-iosTests/goagent-iosTests-Info.plist";
				PRODUCT_NAME = "$(TARGET_NAME)";
				TEST_HOST = "$(BUNDLE_LOADER)";
				WRAPPER_EXTENSION = octest;
			};
			name = Debug;
		};
		CE980E11157B3AB300C534E9 /* Release */ = {
			isa = XCBuildConfiguration;
			buildSettings = {
				BUNDLE_LOADER = "$(BUILT_PRODUCTS_DIR)/goagent-ios.app/goagent-ios";
				FRAMEWORK_SEARCH_PATHS = (
					"$(SDKROOT)/Developer/Library/Frameworks",
					"$(DEVELOPER_LIBRARY_DIR)/Frameworks",
				);
				GCC_PRECOMPILE_PREFIX_HEADER = YES;
				GCC_PREFIX_HEADER = "goagent-ios/goagent-ios-Prefix.pch";
				INFOPLIST_FILE = "goagent-iosTests/goagent-iosTests-Info.plist";
				PRODUCT_NAME = "$(TARGET_NAME)";
				TEST_HOST = "$(BUNDLE_LOADER)";
				WRAPPER_EXTENSION = octest;
			};
			name = Release;
		};
/* End XCBuildConfiguration section */

/* Begin XCConfigurationList section */
		CE980DD9157B3AB300C534E9 /* Build configuration list for PBXProject "goagent-ios" */ = {
			isa = XCConfigurationList;
			buildConfigurations = (
				CE980E0A157B3AB300C534E9 /* Debug */,
				CE980E0B157B3AB300C534E9 /* Release */,
			);
			defaultConfigurationIsVisible = 0;
			defaultConfigurationName = Release;
		};
		CE980E0C157B3AB300C534E9 /* Build configuration list for PBXNativeTarget "goagent-ios" */ = {
			isa = XCConfigurationList;
			buildConfigurations = (
				CE980E0D157B3AB300C534E9 /* Debug */,
				CE980E0E157B3AB300C534E9 /* Release */,
			);
			defaultConfigurationIsVisible = 0;
		};
		CE980E0F157B3AB300C534E9 /* Build configuration list for PBXNativeTarget "goagent-iosTests" */ = {
			isa = XCConfigurationList;
			buildConfigurations = (
				CE980E10157B3AB300C534E9 /* Debug */,
				CE980E11157B3AB300C534E9 /* Release */,
			);
			defaultConfigurationIsVisible = 0;
		};
/* End XCConfigurationList section */
	};
	rootObject = CE980DD6157B3AB300C534E9 /* Project object */;
}
